{
    "_meta": {
        "hash": {
            "sha256": "1ccc6ae40586dc7f0bd35cabf8dd375a3090dca06bdd6735e9addb5649eee150"
        },
        "pipfile-spec": 6,
        "requires": {
            "python_version": "3.9"
        },
        "sources": [
            {
                "name": "pypi",
                "url": "https://pypi.org/simple",
                "verify_ssl": true
            }
        ]
    },
    "default": {
        "jaconv": {
            "hashes": [
                "sha256:cc70c796c19a6765598c03eac59d1399a555a9a8839cc70e540ec26f0ec3e66e"
            ],
            "index": "pypi",
            "version": "==0.3"
        }
    },
    "develop": {}
}
